schema: '2.0'
stages:
  data_cleaning:
    cmd: python .\src\data\data_cleaning.py
    deps:
    - path: .\src\data\data_cleaning.py
      hash: md5
      md5: ec58eae90d3c33bafda9552bcda6fa3c
      size: 8736
    outs:
    - path: .\data\interim\swiggy_cleaned.csv
      hash: md5
      md5: 4918716e52fc57babdcd400dfb3c3f29
      size: 4508527
  data_ingestion:
    cmd: python .\src\data\data_ingestion.py
    deps:
    - path: .\src\data\data_ingestion.py
      hash: md5
      md5: ca80dddf69e3b6504269e4a6647e4a40
      size: 8737
    outs:
    - path: .\data\interim\swiggy_cleaned.csv
      hash: md5
      md5: 4918716e52fc57babdcd400dfb3c3f29
      size: 4508527
  data_preprocessing:
    cmd: python .\src\data\data_preprocessing.py
    deps:
    - path: .\data\interim\swiggy_cleaned.csv
      hash: md5
      md5: 4918716e52fc57babdcd400dfb3c3f29
      size: 4508527
    - path: .\src\data\data_ingestion.py
      hash: md5
      md5: ca80dddf69e3b6504269e4a6647e4a40
      size: 8737
    params:
      params.yaml:
        data_preprocessing.random_state: 42
        data_preprocessing.test_size: 0.25
    outs:
    - path: .\data\external\test.csv
      hash: md5
      md5: e17e82f6e38f0a4a384bfe008be42ba2
      size: 1126527
    - path: .\data\external\train.csv
      hash: md5
      md5: c947bf174a89cccd1c8ec92dfab7ea14
      size: 3379042
  feature_engineering:
    cmd: python .\src\features\feature_engineering.py
    deps:
    - path: .\data\external\test.csv
      hash: md5
      md5: e17e82f6e38f0a4a384bfe008be42ba2
      size: 1126527
    - path: .\data\external\train.csv
      hash: md5
      md5: c947bf174a89cccd1c8ec92dfab7ea14
      size: 3379042
    - path: .\src\features\feature_engineering.py
      hash: md5
      md5: eae0a100aeeefee72fd5fdb8fd6e9e31
      size: 6223
    outs:
    - path: .\data\processed\test_trans.csv
      hash: md5
      md5: 6a7f129b63c05b9922c237e6ae702b26
      size: 1358276
    - path: .\data\processed\train_trans.csv
      hash: md5
      md5: 607d3fb5ca7957bc02695329fe4322bd
      size: 4060457
    - path: .\models\preprocessor.joblib
      hash: md5
      md5: 37ef2d915ae065fb1a278f0cffa47456
      size: 7263
  model_building:
    cmd: python .\src\models\model_building.py
    deps:
    - path: .\data\processed\train_trans.csv
      hash: md5
      md5: 607d3fb5ca7957bc02695329fe4322bd
      size: 4060457
    - path: .\src\models\model_building.py
      hash: md5
      md5: 1edc54318712e961b90e363498a8a257
      size: 4400
    params:
      params.yaml:
        train.light_gbm:
          n_estimator: 40
          max_depth: 11
          learning_rate: 0.18024722308848545
          subsample: 0.7972018508352986
          num_leaves: 118
          min_child_weight: 14
          min_split_gain: 0.007311476316166993
          reg_lambda: 54.73782637648871
          n_jobs: -1
        train.random_forest:
          n_estimators: 424
          max_depth: 28
          max_features: sqrt
          min_samples_split: 8
          min_samples_leaf: 6
          max_samples: 0.8542421813553751
          verbose: 1
          n_jobs: -1
    outs:
    - path: .\models\model.joblib
      hash: md5
      md5: d3b08e07244b4d0c40a2594bf28fa67a
      size: 114254424
    - path: .\models\power_transformer.joblib
      hash: md5
      md5: 457905ff6ff6893c15eae3a24c46c4c5
      size: 805
    - path: .\models\stacking_regressor.joblib
      hash: md5
      md5: 5a164c84a4d7b5bbd58346160929b376
      size: 114243722
  model_evaluation:
    cmd: python .\src\models\model_evaluation.py
    deps:
    - path: .\data\processed\test_trans.csv
      hash: md5
      md5: 6a7f129b63c05b9922c237e6ae702b26
      size: 1358276
    - path: .\data\processed\train_trans.csv
      hash: md5
      md5: 607d3fb5ca7957bc02695329fe4322bd
      size: 4060457
    - path: .\src\models\model_evaluation.py
      hash: md5
      md5: 3ec0be1428bb33a13411e24035226c2d
      size: 5606
    outs:
    - path: run_information.json
      hash: md5
      md5: 857c35792734800fb5ba8e9fa8131727
      size: 220
